dependencies:
- name: prometheus-operator-crds
  repository: https://prometheus-community.github.io/helm-charts
  version: 19.1.0
- name: grafana-operator
  repository: https://grafana.github.io/helm-charts
  version: v5.18.0
digest: sha256:5ab7e9a98e672242ba40eb75749f7aeb63c540f379f0849905f3ed46f1aaccc7
generated: "2026-05-22T17:13:54.890397761Z"
