dependencies:
- name: prometheus-operator-crds
  repository: https://prometheus-community.github.io/helm-charts
  version: 19.0.0
- name: grafana-operator
  repository: https://grafana.github.io/helm-charts
  version: 5.23.0
digest: sha256:18238fdd0d7f37407055e590abe73d65d28efb0bcfba7de88ea8fc7209328e42
generated: "2026-05-22T17:13:33.403113242Z"
